
Microsoft Visual Studio Solution File, Format Version 12.00
# Visual Studio Version 16
VisualStudioVersion = 16.0.29613.14
MinimumVisualStudioVersion = 10.0.40219.1
Project("{8BC9CEB8-8B4A-11D0-8D11-00A0C91BC942}") = "maze", "maze.vcxproj", "{82885F2E-BC0E-41DA-A0AD-F4E3E0618706}"
EndProject
Global
	GlobalSection(SolutionConfigurationPlatforms) = preSolution
		Debug|x64 = Debug|x64
		Debug|x86 = Debug|x86
		Release|x64 = Release|x64
		Release|x86 = Release|x86
	EndGlobalSection
	GlobalSection(ProjectConfigurationPlatforms) = postSolution
		{82885F2E-BC0E-41DA-A0AD-F4E3E0618706}.Debug|x64.ActiveCfg = Debug|x64
		{82885F2E-BC0E-41DA-A0AD-F4E3E0618706}.Debug|x64.Build.0 = Debug|x64
		{82885F2E-BC0E-41DA-A0AD-F4E3E0618706}.Debug|x86.ActiveCfg = Debug|Win32
		{82885F2E-BC0E-41DA-A0AD-F4E3E0618706}.Debug|x86.Build.0 = Debug|Win32
		{82885F2E-BC0E-41DA-A0AD-F4E3E0618706}.Release|x64.ActiveCfg = Release|x64
		{82885F2E-BC0E-41DA-A0AD-F4E3E0618706}.Release|x64.Build.0 = Release|x64
		{82885F2E-BC0E-41DA-A0AD-F4E3E0618706}.Release|x86.ActiveCfg = Release|Win32
		{82885F2E-BC0E-41DA-A0AD-F4E3E0618706}.Release|x86.Build.0 = Release|Win32
	EndGlobalSection
	GlobalSection(SolutionProperties) = preSolution
		HideSolutionNode = FALSE
	EndGlobalSection
	GlobalSection(ExtensibilityGlobals) = postSolution
		SolutionGuid = {A9305EF3-51CF-46FD-9FF3-0285218EE682}
	EndGlobalSection
EndGlobal
